
Microsoft Visual Studio Solution File, Format Version 12.00
# Visual Studio 14
VisualStudioVersion = 14.0.25420.1
MinimumVisualStudioVersion = 10.0.40219.1
Project("{FAE04EC0-301F-11D3-BF4B-00C04F79EFBC}") = "PRS.CMS.AuthServer", "PRS.CMS.AuthServer\PRS.CMS.AuthServer.csproj", "{6FED4BA3-AA6B-4B16-A7EE-3437EC4557FE}"
EndProject
Project("{FAE04EC0-301F-11D3-BF4B-00C04F79EFBC}") = "PRS.CMS.MvcProj1", "PRS.CMS.MvcProj1\PRS.CMS.MvcProj1.csproj", "{4F034756-8476-4183-9B86-FC36932668C5}"
EndProject
Project("{FAE04EC0-301F-11D3-BF4B-00C04F79EFBC}") = "SimpleClientApp", "SimpleClientApp\SimpleClientApp.csproj", "{9E687DDD-0582-4CBA-8DC9-907C858708BD}"
EndProject
Project("{FAE04EC0-301F-11D3-BF4B-00C04F79EFBC}") = "PRS.CMS.AuthLearning.WsFedServer", "PRS.CMS.AuthLearning.WsFedServer\PRS.CMS.AuthLearning.WsFedServer.csproj", "{2950360D-23E1-450C-A08B-54C01FE55DD2}"
EndProject
Project("{FAE04EC0-301F-11D3-BF4B-00C04F79EFBC}") = "PRS.CMS.AuthLearning.CustomSTS", "PRS.CMS.AuthLearning.CustomSTS\PRS.CMS.AuthLearning.CustomSTS.csproj", "{8DC68D8F-ADC6-4B4C-8F5A-3997E88E8544}"
EndProject
Project("{FAE04EC0-301F-11D3-BF4B-00C04F79EFBC}") = "PRS.CMS.AuthLearning.WinAuth", "PRS.CMS.AuthLearning.WinAuth\PRS.CMS.AuthLearning.WinAuth.csproj", "{91EEED3E-D16C-46F4-93E2-9226F59F19FC}"
EndProject
Project("{FAE04EC0-301F-11D3-BF4B-00C04F79EFBC}") = "SimpleClientWinFormApp", "SimpleClientWinFormApp\SimpleClientWinFormApp.csproj", "{3A96AEE8-A872-41B6-92E9-86DE3C7A0C44}"
EndProject
Global
	GlobalSection(SolutionConfigurationPlatforms) = preSolution
		Debug|Any CPU = Debug|Any CPU
		Release|Any CPU = Release|Any CPU
	EndGlobalSection
	GlobalSection(ProjectConfigurationPlatforms) = postSolution
		{6FED4BA3-AA6B-4B16-A7EE-3437EC4557FE}.Debug|Any CPU.ActiveCfg = Debug|Any CPU
		{6FED4BA3-AA6B-4B16-A7EE-3437EC4557FE}.Debug|Any CPU.Build.0 = Debug|Any CPU
		{6FED4BA3-AA6B-4B16-A7EE-3437EC4557FE}.Release|Any CPU.ActiveCfg = Release|Any CPU
		{6FED4BA3-AA6B-4B16-A7EE-3437EC4557FE}.Release|Any CPU.Build.0 = Release|Any CPU
		{4F034756-8476-4183-9B86-FC36932668C5}.Debug|Any CPU.ActiveCfg = Debug|Any CPU
		{4F034756-8476-4183-9B86-FC36932668C5}.Debug|Any CPU.Build.0 = Debug|Any CPU
		{4F034756-8476-4183-9B86-FC36932668C5}.Release|Any CPU.ActiveCfg = Release|Any CPU
		{4F034756-8476-4183-9B86-FC36932668C5}.Release|Any CPU.Build.0 = Release|Any CPU
		{9E687DDD-0582-4CBA-8DC9-907C858708BD}.Debug|Any CPU.ActiveCfg = Debug|Any CPU
		{9E687DDD-0582-4CBA-8DC9-907C858708BD}.Debug|Any CPU.Build.0 = Debug|Any CPU
		{9E687DDD-0582-4CBA-8DC9-907C858708BD}.Release|Any CPU.ActiveCfg = Release|Any CPU
		{9E687DDD-0582-4CBA-8DC9-907C858708BD}.Release|Any CPU.Build.0 = Release|Any CPU
		{2950360D-23E1-450C-A08B-54C01FE55DD2}.Debug|Any CPU.ActiveCfg = Debug|Any CPU
		{2950360D-23E1-450C-A08B-54C01FE55DD2}.Debug|Any CPU.Build.0 = Debug|Any CPU
		{2950360D-23E1-450C-A08B-54C01FE55DD2}.Release|Any CPU.ActiveCfg = Release|Any CPU
		{2950360D-23E1-450C-A08B-54C01FE55DD2}.Release|Any CPU.Build.0 = Release|Any CPU
		{8DC68D8F-ADC6-4B4C-8F5A-3997E88E8544}.Debug|Any CPU.ActiveCfg = Debug|Any CPU
		{8DC68D8F-ADC6-4B4C-8F5A-3997E88E8544}.Debug|Any CPU.Build.0 = Debug|Any CPU
		{8DC68D8F-ADC6-4B4C-8F5A-3997E88E8544}.Release|Any CPU.ActiveCfg = Release|Any CPU
		{8DC68D8F-ADC6-4B4C-8F5A-3997E88E8544}.Release|Any CPU.Build.0 = Release|Any CPU
		{91EEED3E-D16C-46F4-93E2-9226F59F19FC}.Debug|Any CPU.ActiveCfg = Debug|Any CPU
		{91EEED3E-D16C-46F4-93E2-9226F59F19FC}.Debug|Any CPU.Build.0 = Debug|Any CPU
		{91EEED3E-D16C-46F4-93E2-9226F59F19FC}.Release|Any CPU.ActiveCfg = Release|Any CPU
		{91EEED3E-D16C-46F4-93E2-9226F59F19FC}.Release|Any CPU.Build.0 = Release|Any CPU
		{3A96AEE8-A872-41B6-92E9-86DE3C7A0C44}.Debug|Any CPU.ActiveCfg = Debug|Any CPU
		{3A96AEE8-A872-41B6-92E9-86DE3C7A0C44}.Debug|Any CPU.Build.0 = Debug|Any CPU
		{3A96AEE8-A872-41B6-92E9-86DE3C7A0C44}.Release|Any CPU.ActiveCfg = Release|Any CPU
		{3A96AEE8-A872-41B6-92E9-86DE3C7A0C44}.Release|Any CPU.Build.0 = Release|Any CPU
	EndGlobalSection
	GlobalSection(SolutionProperties) = preSolution
		HideSolutionNode = FALSE
	EndGlobalSection
EndGlobal
