
Microsoft Visual Studio Solution File, Format Version 12.00
# Visual Studio 2013
VisualStudioVersion = 12.0.31101.0
MinimumVisualStudioVersion = 10.0.40219.1
Project("{FAE04EC0-301F-11D3-BF4B-00C04F79EFBC}") = "PRS.CMS.AuthServer", "PRS.CMS.AuthServer\PRS.CMS.AuthServer.csproj", "{6FED4BA3-AA6B-4B16-A7EE-3437EC4557FE}"
EndProject
Project("{FAE04EC0-301F-11D3-BF4B-00C04F79EFBC}") = "PRS.CMS.MvcProj1", "PRS.CMS.MvcProj1\PRS.CMS.MvcProj1.csproj", "{4F034756-8476-4183-9B86-FC36932668C5}"
EndProject
Project("{FAE04EC0-301F-11D3-BF4B-00C04F79EFBC}") = "SimpleClientApp", "SimpleClientApp\SimpleClientApp.csproj", "{9E687DDD-0582-4CBA-8DC9-907C858708BD}"
EndProject
Global
	GlobalSection(SolutionConfigurationPlatforms) = preSolution
		Debug|Any CPU = Debug|Any CPU
		Release|Any CPU = Release|Any CPU
	EndGlobalSection
	GlobalSection(ProjectConfigurationPlatforms) = postSolution
		{6FED4BA3-AA6B-4B16-A7EE-3437EC4557FE}.Debug|Any CPU.ActiveCfg = Debug|Any CPU
		{6FED4BA3-AA6B-4B16-A7EE-3437EC4557FE}.Debug|Any CPU.Build.0 = Debug|Any CPU
		{6FED4BA3-AA6B-4B16-A7EE-3437EC4557FE}.Release|Any CPU.ActiveCfg = Release|Any CPU
		{6FED4BA3-AA6B-4B16-A7EE-3437EC4557FE}.Release|Any CPU.Build.0 = Release|Any CPU
		{4F034756-8476-4183-9B86-FC36932668C5}.Debug|Any CPU.ActiveCfg = Debug|Any CPU
		{4F034756-8476-4183-9B86-FC36932668C5}.Debug|Any CPU.Build.0 = Debug|Any CPU
		{4F034756-8476-4183-9B86-FC36932668C5}.Release|Any CPU.ActiveCfg = Release|Any CPU
		{4F034756-8476-4183-9B86-FC36932668C5}.Release|Any CPU.Build.0 = Release|Any CPU
		{9E687DDD-0582-4CBA-8DC9-907C858708BD}.Debug|Any CPU.ActiveCfg = Debug|Any CPU
		{9E687DDD-0582-4CBA-8DC9-907C858708BD}.Debug|Any CPU.Build.0 = Debug|Any CPU
		{9E687DDD-0582-4CBA-8DC9-907C858708BD}.Release|Any CPU.ActiveCfg = Release|Any CPU
		{9E687DDD-0582-4CBA-8DC9-907C858708BD}.Release|Any CPU.Build.0 = Release|Any CPU
	EndGlobalSection
	GlobalSection(SolutionProperties) = preSolution
		HideSolutionNode = FALSE
	EndGlobalSection
EndGlobal
